
Microsoft Visual Studio Solution File, Format Version 12.00
# Visual Studio 2012
Project("{FAE04EC0-301F-11D3-BF4B-00C04F79EFBC}") = "learningStore", "learningStore\learningStore.csproj", "{3836CCE6-98C1-4BBD-8FB2-00D14A362772}"
EndProject
Project("{FAE04EC0-301F-11D3-BF4B-00C04F79EFBC}") = "test", "test\test.csproj", "{AC9C779A-BB8D-4208-984B-3519D2F33C3A}"
EndProject
Global
	GlobalSection(SolutionConfigurationPlatforms) = preSolution
		Debug|Any CPU = Debug|Any CPU
		Release|Any CPU = Release|Any CPU
	EndGlobalSection
	GlobalSection(ProjectConfigurationPlatforms) = postSolution
		{3836CCE6-98C1-4BBD-8FB2-00D14A362772}.Debug|Any CPU.ActiveCfg = Debug|Any CPU
		{3836CCE6-98C1-4BBD-8FB2-00D14A362772}.Debug|Any CPU.Build.0 = Debug|Any CPU
		{3836CCE6-98C1-4BBD-8FB2-00D14A362772}.Release|Any CPU.ActiveCfg = Release|Any CPU
		{3836CCE6-98C1-4BBD-8FB2-00D14A362772}.Release|Any CPU.Build.0 = Release|Any CPU
		{AC9C779A-BB8D-4208-984B-3519D2F33C3A}.Debug|Any CPU.ActiveCfg = Debug|Any CPU
		{AC9C779A-BB8D-4208-984B-3519D2F33C3A}.Debug|Any CPU.Build.0 = Debug|Any CPU
		{AC9C779A-BB8D-4208-984B-3519D2F33C3A}.Release|Any CPU.ActiveCfg = Release|Any CPU
		{AC9C779A-BB8D-4208-984B-3519D2F33C3A}.Release|Any CPU.Build.0 = Release|Any CPU
	EndGlobalSection
	GlobalSection(SolutionProperties) = preSolution
		HideSolutionNode = FALSE
	EndGlobalSection
EndGlobal
